// !$*UTF8*$!
{
	archiveVersion = 1;
	classes = {
	};
	objectVersion = 50;
	objects = {

/* Begin PBXBuildFile section */
		A33CAA5B232892A3009CC72F /* BanZhang.m in Sources */ = {isa = PBXBuildFile; fileRef = A33CAA5A232892A3009CC72F /* BanZhang.m */; };
		A33CAA5E23289489009CC72F /* ZhangSan.m in Sources */ = {isa = PBXBuildFile; fileRef = A33CAA5D23289489009CC72F /* ZhangSan.m */; };
		A35F9AC5232791A600C72BF1 /* main.m in Sources */ = {isa = PBXBuildFile; fileRef = A35F9AC4232791A600C72BF1 /* main.m */; };
/* End PBXBuildFile section */

/* Begin PBXCopyFilesBuildPhase section */
		A35F9ABF232791A600C72BF1 /* CopyFiles */ = {
			isa = PBXCopyFilesBuildPhase;
			buildActionMask = 2147483647;
			dstPath = /usr/share/man/man1/;
			dstSubfolderSpec = 0;
			files = (
			);
			runOnlyForDeploymentPostprocessing = 1;
		};
/* End PBXCopyFilesBuildPhase section */

/* Begin PBXFileReference section */
		A33CAA58232891EA009CC72F /* Student.h */ = {isa = PBXFileReference; lastKnownFileType = sourcecode.c.h; path = Student.h; sourceTree = "<group>"; };
		A33CAA59232892A3009CC72F /* BanZhang.h */ = {isa = PBXFileReference; lastKnownFileType = sourcecode.c.h; path = BanZhang.h; sourceTree = "<group>"; };
		A33CAA5A232892A3009CC72F /* BanZhang.m */ = {isa = PBXFileReference; lastKnownFileType = sourcecode.c.objc; path = BanZhang.m; sourceTree = "<group>"; };
		A33CAA5C23289489009CC72F /* ZhangSan.h */ = {isa = PBXFileReference; lastKnownFileType = sourcecode.c.h; path = ZhangSan.h; sourceTree = "<group>"; };
		A33CAA5D23289489009CC72F /* ZhangSan.m */ = {isa = PBXFileReference; lastKnownFileType = sourcecode.c.objc; path = ZhangSan.m; sourceTree = "<group>"; };
		A35F9AC1232791A600C72BF1 /* FoundationDemo */ = {isa = PBXFileReference; explicitFileType = "compiled.mach-o.executable"; includeInIndex = 0; path = FoundationDemo; sourceTree = BUILT_PRODUCTS_DIR; };
		A35F9AC4232791A600C72BF1 /* main.m */ = {isa = PBXFileReference; lastKnownFileType = sourcecode.c.objc; path = main.m; sourceTree = "<group>"; };
/* End PBXFileReference section */

/* Begin PBXFrameworksBuildPhase section */
		A35F9ABE232791A600C72BF1 /* Frameworks */ = {
			isa = PBXFrameworksBuildPhase;
			buildActionMask = 2147483647;
			files = (
			);
			runOnlyForDeploymentPostprocessing = 0;
		};
/* End PBXFrameworksBuildPhase section */

/* Begin PBXGroup section */
		A35F9AB8232791A600C72BF1 = {
			isa = PBXGroup;
			children = (
				A35F9AC3232791A600C72BF1 /* FoundationDemo */,
				A35F9AC2232791A600C72BF1 /* Products */,
			);
			sourceTree = "<group>";
		};
		A35F9AC2232791A600C72BF1 /* Products */ = {
			isa = PBXGroup;
			children = (
				A35F9AC1232791A600C72BF1 /* FoundationDemo */,
			);
			name = Products;
			sourceTree = "<group>";
		};
		A35F9AC3232791A600C72BF1 /* FoundationDemo */ = {
			isa = PBXGroup;
			children = (
				A35F9AC4232791A600C72BF1 /* main.m */,
				A33CAA5C23289489009CC72F /* ZhangSan.h */,
				A33CAA5D23289489009CC72F /* ZhangSan.m */,
				A33CAA58232891EA009CC72F /* Student.h */,
				A33CAA59232892A3009CC72F /* BanZhang.h */,
				A33CAA5A232892A3009CC72F /* BanZhang.m */,
			);
			path = FoundationDemo;
			sourceTree = "<group>";
		};
/* End PBXGroup section */

/* Begin PBXNativeTarget section */
		A35F9AC0232791A600C72BF1 /* FoundationDemo */ = {
			isa = PBXNativeTarget;
			buildConfigurationList = A35F9AC8232791A600C72BF1 /* Build configuration list for PBXNativeTarget "FoundationDemo" */;
			buildPhases = (
				A35F9ABD232791A600C72BF1 /* Sources */,
				A35F9ABE232791A600C72BF1 /* Frameworks */,
				A35F9ABF232791A600C72BF1 /* CopyFiles */,
			);
			buildRules = (
			);
			dependencies = (
			);
			name = FoundationDemo;
			productName = FoundationDemo;
			productReference = A35F9AC1232791A600C72BF1 /* FoundationDemo */;
			productType = "com.apple.product-type.tool";
		};
/* End PBXNativeTarget section */

/* Begin PBXProject section */
		A35F9AB9232791A600C72BF1 /* Project object */ = {
			isa = PBXProject;
			attributes = {
				LastUpgradeCheck = 1030;
				ORGANIZATIONNAME = Dingjd;
				TargetAttributes = {
					A35F9AC0232791A600C72BF1 = {
						CreatedOnToolsVersion = 10.3;
					};
				};
			};
			buildConfigurationList = A35F9ABC232791A600C72BF1 /* Build configuration list for PBXProject "FoundationDemo" */;
			compatibilityVersion = "Xcode 9.3";
			developmentRegion = en;
			hasScannedForEncodings = 0;
			knownRegions = (
				en,
			);
			mainGroup = A35F9AB8232791A600C72BF1;
			productRefGroup = A35F9AC2232791A600C72BF1 /* Products */;
			projectDirPath = "";
			projectRoot = "";
			targets = (
				A35F9AC0232791A600C72BF1 /* FoundationDemo */,
			);
		};
/* End PBXProject section */

/* Begin PBXSourcesBuildPhase section */
		A35F9ABD232791A600C72BF1 /* Sources */ = {
			isa = PBXSourcesBuildPhase;
			buildActionMask = 2147483647;
			files = (
				A33CAA5B232892A3009CC72F /* BanZhang.m in Sources */,
				A33CAA5E23289489009CC72F /* ZhangSan.m in Sources */,
				A35F9AC5232791A600C72BF1 /* main.m in Sources */,
			);
			runOnlyForDeploymentPostprocessing = 0;
		};
/* End PBXSourcesBuildPhase section */

/* Begin XCBuildConfiguration section */
		A35F9AC6232791A600C72BF1 /* Debug */ = {
			isa = XCBuildConfiguration;
			buildSettings = {
				ALWAYS_SEARCH_USER_PATHS = NO;
				CLANG_ANALYZER_NONNULL = YES;
				CLANG_ANALYZER_NUMBER_OBJECT_CONVERSION = YES_AGGRESSIVE;
				CLANG_CXX_LANGUAGE_STANDARD = "gnu++14";
				CLANG_CXX_LIBRARY = "libc++";
				CLANG_ENABLE_MODULES = YES;
				CLANG_ENABLE_OBJC_ARC = YES;
				CLANG_ENABLE_OBJC_WEAK = YES;
				CLANG_WARN_BLOCK_CAPTURE_AUTORELEASING = YES;
				CLANG_WARN_BOOL_CONVERSION = YES;
				CLANG_WARN_COMMA = YES;
				CLANG_WARN_CONSTANT_CONVERSION = YES;
				CLANG_WARN_DEPRECATED_OBJC_IMPLEMENTATIONS = YES;
				CLANG_WARN_DIRECT_OBJC_ISA_USAGE = YES_ERROR;
				CLANG_WARN_DOCUMENTATION_COMMENTS = YES;
				CLANG_WARN_EMPTY_BODY = YES;
				CLANG_WARN_ENUM_CONVERSION = YES;
				CLANG_WARN_INFINITE_RECURSION = YES;
				CLANG_WARN_INT_CONVERSION = YES;
				CLANG_WARN_NON_LITERAL_NULL_CONVERSION = YES;
				CLANG_WARN_OBJC_IMPLICIT_RETAIN_SELF = YES;
				CLANG_WARN_OBJC_LITERAL_CONVERSION = YES;
				CLANG_WARN_OBJC_ROOT_CLASS = YES_ERROR;
				CLANG_WARN_RANGE_LOOP_ANALYSIS = YES;
				CLANG_WARN_STRICT_PROTOTYPES = YES;
				CLANG_WARN_SUSPICIOUS_MOVE = YES;
				CLANG_WARN_UNGUARDED_AVAILABILITY = YES_AGGRESSIVE;
				CLANG_WARN_UNREACHABLE_CODE = YES;
				CLANG_WARN__DUPLICATE_METHOD_MATCH = YES;
				CODE_SIGN_IDENTITY = "-";
				COPY_PHASE_STRIP = NO;
				DEBUG_INFORMATION_FORMAT = dwarf;
				ENABLE_STRICT_OBJC_MSGSEND = YES;
				ENABLE_TESTABILITY = YES;
				GCC_C_LANGUAGE_STANDARD = gnu11;
				GCC_DYNAMIC_NO_PIC = NO;
				GCC_NO_COMMON_BLOCKS = YES;
				GCC_OPTIMIZATION_LEVEL = 0;
				GCC_PREPROCESSOR_DEFINITIONS = (
					"DEBUG=1",
					"$(inherited)",
				);
				GCC_WARN_64_TO_32_BIT_CONVERSION = YES;
				GCC_WARN_ABOUT_RETURN_TYPE = YES_ERROR;
				GCC_WARN_UNDECLARED_SELECTOR = YES;
				GCC_WARN_UNINITIALIZED_AUTOS = YES_AGGRESSIVE;
				GCC_WARN_UNUSED_FUNCTION = YES;
				GCC_WARN_UNUSED_VARIABLE = YES;
				MACOSX_DEPLOYMENT_TARGET = 10.14;
				MTL_ENABLE_DEBUG_INFO = INCLUDE_SOURCE;
				MTL_FAST_MATH = YES;
				ONLY_ACTIVE_ARCH = YES;
				SDKROOT = macosx;
			};
			name = Debug;
		};
		A35F9AC7232791A600C72BF1 /* Release */ = {
			isa = XCBuildConfiguration;
			buildSettings = {
				ALWAYS_SEARCH_USER_PATHS = NO;
				CLANG_ANALYZER_NONNULL = YES;
				CLANG_ANALYZER_NUMBER_OBJECT_CONVERSION = YES_AGGRESSIVE;
				CLANG_CXX_LANGUAGE_STANDARD = "gnu++14";
				CLANG_CXX_LIBRARY = "libc++";
				CLANG_ENABLE_MODULES = YES;
				CLANG_ENABLE_OBJC_ARC = YES;
				CLANG_ENABLE_OBJC_WEAK = YES;
				CLANG_WARN_BLOCK_CAPTURE_AUTORELEASING = YES;
				CLANG_WARN_BOOL_CONVERSION = YES;
				CLANG_WARN_COMMA = YES;
				CLANG_WARN_CONSTANT_CONVERSION = YES;
				CLANG_WARN_DEPRECATED_OBJC_IMPLEMENTATIONS = YES;
				CLANG_WARN_DIRECT_OBJC_ISA_USAGE = YES_ERROR;
				CLANG_WARN_DOCUMENTATION_COMMENTS = YES;
				CLANG_WARN_EMPTY_BODY = YES;
				CLANG_WARN_ENUM_CONVERSION = YES;
				CLANG_WARN_INFINITE_RECURSION = YES;
				CLANG_WARN_INT_CONVERSION = YES;
				CLANG_WARN_NON_LITERAL_NULL_CONVERSION = YES;
				CLANG_WARN_OBJC_IMPLICIT_RETAIN_SELF = YES;
				CLANG_WARN_OBJC_LITERAL_CONVERSION = YES;
				CLANG_WARN_OBJC_ROOT_CLASS = YES_ERROR;
				CLANG_WARN_RANGE_LOOP_ANALYSIS = YES;
				CLANG_WARN_STRICT_PROTOTYPES = YES;
				CLANG_WARN_SUSPICIOUS_MOVE = YES;
				CLANG_WARN_UNGUARDED_AVAILABILITY = YES_AGGRESSIVE;
				CLANG_WARN_UNREACHABLE_CODE = YES;
				CLANG_WARN__DUPLICATE_METHOD_MATCH = YES;
				CODE_SIGN_IDENTITY = "-";
				COPY_PHASE_STRIP = NO;
				DEBUG_INFORMATION_FORMAT = "dwarf-with-dsym";
				ENABLE_NS_ASSERTIONS = NO;
				ENABLE_STRICT_OBJC_MSGSEND = YES;
				GCC_C_LANGUAGE_STANDARD = gnu11;
				GCC_NO_COMMON_BLOCKS = YES;
				GCC_WARN_64_TO_32_BIT_CONVERSION = YES;
				GCC_WARN_ABOUT_RETURN_TYPE = YES_ERROR;
				GCC_WARN_UNDECLARED_SELECTOR = YES;
				GCC_WARN_UNINITIALIZED_AUTOS = YES_AGGRESSIVE;
				GCC_WARN_UNUSED_FUNCTION = YES;
				GCC_WARN_UNUSED_VARIABLE = YES;
				MACOSX_DEPLOYMENT_TARGET = 10.14;
				MTL_ENABLE_DEBUG_INFO = NO;
				MTL_FAST_MATH = YES;
				SDKROOT = macosx;
			};
			name = Release;
		};
		A35F9AC9232791A600C72BF1 /* Debug */ = {
			isa = XCBuildConfiguration;
			buildSettings = {
				CODE_SIGN_STYLE = Automatic;
				PRODUCT_NAME = "$(TARGET_NAME)";
			};
			name = Debug;
		};
		A35F9ACA232791A600C72BF1 /* Release */ = {
			isa = XCBuildConfiguration;
			buildSettings = {
				CODE_SIGN_STYLE = Automatic;
				PRODUCT_NAME = "$(TARGET_NAME)";
			};
			name = Release;
		};
/* End XCBuildConfiguration section */

/* Begin XCConfigurationList section */
		A35F9ABC232791A600C72BF1 /* Build configuration list for PBXProject "FoundationDemo" */ = {
			isa = XCConfigurationList;
			buildConfigurations = (
				A35F9AC6232791A600C72BF1 /* Debug */,
				A35F9AC7232791A600C72BF1 /* Release */,
			);
			defaultConfigurationIsVisible = 0;
			defaultConfigurationName = Release;
		};
		A35F9AC8232791A600C72BF1 /* Build configuration list for PBXNativeTarget "FoundationDemo" */ = {
			isa = XCConfigurationList;
			buildConfigurations = (
				A35F9AC9232791A600C72BF1 /* Debug */,
				A35F9ACA232791A600C72BF1 /* Release */,
			);
			defaultConfigurationIsVisible = 0;
			defaultConfigurationName = Release;
		};
/* End XCConfigurationList section */
	};
	rootObject = A35F9AB9232791A600C72BF1 /* Project object */;
}
