// !$*UTF8*$!
{
	archiveVersion = 1;
	classes = {
	};
	objectVersion = 50;
	objects = {

/* Begin PBXBuildFile section */
		A318B25D233214B900159A49 /* AppDelegate.m in Sources */ = {isa = PBXBuildFile; fileRef = A318B25C233214B900159A49 /* AppDelegate.m */; };
		A318B260233214B900159A49 /* ViewController.m in Sources */ = {isa = PBXBuildFile; fileRef = A318B25F233214B900159A49 /* ViewController.m */; };
		A318B263233214B900159A49 /* Main.storyboard in Resources */ = {isa = PBXBuildFile; fileRef = A318B261233214B900159A49 /* Main.storyboard */; };
		A318B265233214BA00159A49 /* Assets.xcassets in Resources */ = {isa = PBXBuildFile; fileRef = A318B264233214BA00159A49 /* Assets.xcassets */; };
		A318B268233214BA00159A49 /* LaunchScreen.storyboard in Resources */ = {isa = PBXBuildFile; fileRef = A318B266233214BA00159A49 /* LaunchScreen.storyboard */; };
		A318B26B233214BA00159A49 /* main.m in Sources */ = {isa = PBXBuildFile; fileRef = A318B26A233214BA00159A49 /* main.m */; };
		A318B275233214BA00159A49 /* CollectionViewTests.m in Sources */ = {isa = PBXBuildFile; fileRef = A318B274233214BA00159A49 /* CollectionViewTests.m */; };
		A318B280233214BA00159A49 /* CollectionViewUITests.m in Sources */ = {isa = PBXBuildFile; fileRef = A318B27F233214BA00159A49 /* CollectionViewUITests.m */; };
		A318B28F2332180600159A49 /* PublishCell.m in Sources */ = {isa = PBXBuildFile; fileRef = A318B28E2332180600159A49 /* PublishCell.m */; };
/* End PBXBuildFile section */

/* Begin PBXContainerItemProxy section */
		A318B271233214BA00159A49 /* PBXContainerItemProxy */ = {
			isa = PBXContainerItemProxy;
			containerPortal = A318B250233214B900159A49 /* Project object */;
			proxyType = 1;
			remoteGlobalIDString = A318B257233214B900159A49;
			remoteInfo = CollectionView;
		};
		A318B27C233214BA00159A49 /* PBXContainerItemProxy */ = {
			isa = PBXContainerItemProxy;
			containerPortal = A318B250233214B900159A49 /* Project object */;
			proxyType = 1;
			remoteGlobalIDString = A318B257233214B900159A49;
			remoteInfo = CollectionView;
		};
/* End PBXContainerItemProxy section */

/* Begin PBXFileReference section */
		A318B258233214B900159A49 /* CollectionView.app */ = {isa = PBXFileReference; explicitFileType = wrapper.application; includeInIndex = 0; path = CollectionView.app; sourceTree = BUILT_PRODUCTS_DIR; };
		A318B25B233214B900159A49 /* AppDelegate.h */ = {isa = PBXFileReference; lastKnownFileType = sourcecode.c.h; path = AppDelegate.h; sourceTree = "<group>"; };
		A318B25C233214B900159A49 /* AppDelegate.m */ = {isa = PBXFileReference; lastKnownFileType = sourcecode.c.objc; path = AppDelegate.m; sourceTree = "<group>"; };
		A318B25E233214B900159A49 /* ViewController.h */ = {isa = PBXFileReference; lastKnownFileType = sourcecode.c.h; path = ViewController.h; sourceTree = "<group>"; };
		A318B25F233214B900159A49 /* ViewController.m */ = {isa = PBXFileReference; lastKnownFileType = sourcecode.c.objc; path = ViewController.m; sourceTree = "<group>"; };
		A318B262233214B900159A49 /* Base */ = {isa = PBXFileReference; lastKnownFileType = file.storyboard; name = Base; path = Base.lproj/Main.storyboard; sourceTree = "<group>"; };
		A318B264233214BA00159A49 /* Assets.xcassets */ = {isa = PBXFileReference; lastKnownFileType = folder.assetcatalog; path = Assets.xcassets; sourceTree = "<group>"; };
		A318B267233214BA00159A49 /* Base */ = {isa = PBXFileReference; lastKnownFileType = file.storyboard; name = Base; path = Base.lproj/LaunchScreen.storyboard; sourceTree = "<group>"; };
		A318B269233214BA00159A49 /* Info.plist */ = {isa = PBXFileReference; lastKnownFileType = text.plist.xml; path = Info.plist; sourceTree = "<group>"; };
		A318B26A233214BA00159A49 /* main.m */ = {isa = PBXFileReference; lastKnownFileType = sourcecode.c.objc; path = main.m; sourceTree = "<group>"; };
		A318B270233214BA00159A49 /* CollectionViewTests.xctest */ = {isa = PBXFileReference; explicitFileType = wrapper.cfbundle; includeInIndex = 0; path = CollectionViewTests.xctest; sourceTree = BUILT_PRODUCTS_DIR; };
		A318B274233214BA00159A49 /* CollectionViewTests.m */ = {isa = PBXFileReference; lastKnownFileType = sourcecode.c.objc; path = CollectionViewTests.m; sourceTree = "<group>"; };
		A318B276233214BA00159A49 /* Info.plist */ = {isa = PBXFileReference; lastKnownFileType = text.plist.xml; path = Info.plist; sourceTree = "<group>"; };
		A318B27B233214BA00159A49 /* CollectionViewUITests.xctest */ = {isa = PBXFileReference; explicitFileType = wrapper.cfbundle; includeInIndex = 0; path = CollectionViewUITests.xctest; sourceTree = BUILT_PRODUCTS_DIR; };
		A318B27F233214BA00159A49 /* CollectionViewUITests.m */ = {isa = PBXFileReference; lastKnownFileType = sourcecode.c.objc; path = CollectionViewUITests.m; sourceTree = "<group>"; };
		A318B281233214BA00159A49 /* Info.plist */ = {isa = PBXFileReference; lastKnownFileType = text.plist.xml; path = Info.plist; sourceTree = "<group>"; };
		A318B28D2332180600159A49 /* PublishCell.h */ = {isa = PBXFileReference; lastKnownFileType = sourcecode.c.h; path = PublishCell.h; sourceTree = "<group>"; };
		A318B28E2332180600159A49 /* PublishCell.m */ = {isa = PBXFileReference; lastKnownFileType = sourcecode.c.objc; path = PublishCell.m; sourceTree = "<group>"; };
/* End PBXFileReference section */

/* Begin PBXFrameworksBuildPhase section */
		A318B255233214B900159A49 /* Frameworks */ = {
			isa = PBXFrameworksBuildPhase;
			buildActionMask = 2147483647;
			files = (
			);
			runOnlyForDeploymentPostprocessing = 0;
		};
		A318B26D233214BA00159A49 /* Frameworks */ = {
			isa = PBXFrameworksBuildPhase;
			buildActionMask = 2147483647;
			files = (
			);
			runOnlyForDeploymentPostprocessing = 0;
		};
		A318B278233214BA00159A49 /* Frameworks */ = {
			isa = PBXFrameworksBuildPhase;
			buildActionMask = 2147483647;
			files = (
			);
			runOnlyForDeploymentPostprocessing = 0;
		};
/* End PBXFrameworksBuildPhase section */

/* Begin PBXGroup section */
		A318B24F233214B900159A49 = {
			isa = PBXGroup;
			children = (
				A318B25A233214B900159A49 /* CollectionView */,
				A318B273233214BA00159A49 /* CollectionViewTests */,
				A318B27E233214BA00159A49 /* CollectionViewUITests */,
				A318B259233214B900159A49 /* Products */,
			);
			sourceTree = "<group>";
		};
		A318B259233214B900159A49 /* Products */ = {
			isa = PBXGroup;
			children = (
				A318B258233214B900159A49 /* CollectionView.app */,
				A318B270233214BA00159A49 /* CollectionViewTests.xctest */,
				A318B27B233214BA00159A49 /* CollectionViewUITests.xctest */,
			);
			name = Products;
			sourceTree = "<group>";
		};
		A318B25A233214B900159A49 /* CollectionView */ = {
			isa = PBXGroup;
			children = (
				A318B25B233214B900159A49 /* AppDelegate.h */,
				A318B25C233214B900159A49 /* AppDelegate.m */,
				A318B25E233214B900159A49 /* ViewController.h */,
				A318B25F233214B900159A49 /* ViewController.m */,
				A318B261233214B900159A49 /* Main.storyboard */,
				A318B264233214BA00159A49 /* Assets.xcassets */,
				A318B266233214BA00159A49 /* LaunchScreen.storyboard */,
				A318B269233214BA00159A49 /* Info.plist */,
				A318B26A233214BA00159A49 /* main.m */,
				A318B28D2332180600159A49 /* PublishCell.h */,
				A318B28E2332180600159A49 /* PublishCell.m */,
			);
			path = CollectionView;
			sourceTree = "<group>";
		};
		A318B273233214BA00159A49 /* CollectionViewTests */ = {
			isa = PBXGroup;
			children = (
				A318B274233214BA00159A49 /* CollectionViewTests.m */,
				A318B276233214BA00159A49 /* Info.plist */,
			);
			path = CollectionViewTests;
			sourceTree = "<group>";
		};
		A318B27E233214BA00159A49 /* CollectionViewUITests */ = {
			isa = PBXGroup;
			children = (
				A318B27F233214BA00159A49 /* CollectionViewUITests.m */,
				A318B281233214BA00159A49 /* Info.plist */,
			);
			path = CollectionViewUITests;
			sourceTree = "<group>";
		};
/* End PBXGroup section */

/* Begin PBXNativeTarget section */
		A318B257233214B900159A49 /* CollectionView */ = {
			isa = PBXNativeTarget;
			buildConfigurationList = A318B284233214BA00159A49 /* Build configuration list for PBXNativeTarget "CollectionView" */;
			buildPhases = (
				A318B254233214B900159A49 /* Sources */,
				A318B255233214B900159A49 /* Frameworks */,
				A318B256233214B900159A49 /* Resources */,
			);
			buildRules = (
			);
			dependencies = (
			);
			name = CollectionView;
			productName = CollectionView;
			productReference = A318B258233214B900159A49 /* CollectionView.app */;
			productType = "com.apple.product-type.application";
		};
		A318B26F233214BA00159A49 /* CollectionViewTests */ = {
			isa = PBXNativeTarget;
			buildConfigurationList = A318B287233214BA00159A49 /* Build configuration list for PBXNativeTarget "CollectionViewTests" */;
			buildPhases = (
				A318B26C233214BA00159A49 /* Sources */,
				A318B26D233214BA00159A49 /* Frameworks */,
				A318B26E233214BA00159A49 /* Resources */,
			);
			buildRules = (
			);
			dependencies = (
				A318B272233214BA00159A49 /* PBXTargetDependency */,
			);
			name = CollectionViewTests;
			productName = CollectionViewTests;
			productReference = A318B270233214BA00159A49 /* CollectionViewTests.xctest */;
			productType = "com.apple.product-type.bundle.unit-test";
		};
		A318B27A233214BA00159A49 /* CollectionViewUITests */ = {
			isa = PBXNativeTarget;
			buildConfigurationList = A318B28A233214BA00159A49 /* Build configuration list for PBXNativeTarget "CollectionViewUITests" */;
			buildPhases = (
				A318B277233214BA00159A49 /* Sources */,
				A318B278233214BA00159A49 /* Frameworks */,
				A318B279233214BA00159A49 /* Resources */,
			);
			buildRules = (
			);
			dependencies = (
				A318B27D233214BA00159A49 /* PBXTargetDependency */,
			);
			name = CollectionViewUITests;
			productName = CollectionViewUITests;
			productReference = A318B27B233214BA00159A49 /* CollectionViewUITests.xctest */;
			productType = "com.apple.product-type.bundle.ui-testing";
		};
/* End PBXNativeTarget section */

/* Begin PBXProject section */
		A318B250233214B900159A49 /* Project object */ = {
			isa = PBXProject;
			attributes = {
				LastUpgradeCheck = 1030;
				ORGANIZATIONNAME = Dingjd;
				TargetAttributes = {
					A318B257233214B900159A49 = {
						CreatedOnToolsVersion = 10.3;
					};
					A318B26F233214BA00159A49 = {
						CreatedOnToolsVersion = 10.3;
						TestTargetID = A318B257233214B900159A49;
					};
					A318B27A233214BA00159A49 = {
						CreatedOnToolsVersion = 10.3;
						TestTargetID = A318B257233214B900159A49;
					};
				};
			};
			buildConfigurationList = A318B253233214B900159A49 /* Build configuration list for PBXProject "CollectionView" */;
			compatibilityVersion = "Xcode 9.3";
			developmentRegion = en;
			hasScannedForEncodings = 0;
			knownRegions = (
				en,
				Base,
			);
			mainGroup = A318B24F233214B900159A49;
			productRefGroup = A318B259233214B900159A49 /* Products */;
			projectDirPath = "";
			projectRoot = "";
			targets = (
				A318B257233214B900159A49 /* CollectionView */,
				A318B26F233214BA00159A49 /* CollectionViewTests */,
				A318B27A233214BA00159A49 /* CollectionViewUITests */,
			);
		};
/* End PBXProject section */

/* Begin PBXResourcesBuildPhase section */
		A318B256233214B900159A49 /* Resources */ = {
			isa = PBXResourcesBuildPhase;
			buildActionMask = 2147483647;
			files = (
				A318B268233214BA00159A49 /* LaunchScreen.storyboard in Resources */,
				A318B265233214BA00159A49 /* Assets.xcassets in Resources */,
				A318B263233214B900159A49 /* Main.storyboard in Resources */,
			);
			runOnlyForDeploymentPostprocessing = 0;
		};
		A318B26E233214BA00159A49 /* Resources */ = {
			isa = PBXResourcesBuildPhase;
			buildActionMask = 2147483647;
			files = (
			);
			runOnlyForDeploymentPostprocessing = 0;
		};
		A318B279233214BA00159A49 /* Resources */ = {
			isa = PBXResourcesBuildPhase;
			buildActionMask = 2147483647;
			files = (
			);
			runOnlyForDeploymentPostprocessing = 0;
		};
/* End PBXResourcesBuildPhase section */

/* Begin PBXSourcesBuildPhase section */
		A318B254233214B900159A49 /* Sources */ = {
			isa = PBXSourcesBuildPhase;
			buildActionMask = 2147483647;
			files = (
				A318B260233214B900159A49 /* ViewController.m in Sources */,
				A318B26B233214BA00159A49 /* main.m in Sources */,
				A318B25D233214B900159A49 /* AppDelegate.m in Sources */,
				A318B28F2332180600159A49 /* PublishCell.m in Sources */,
			);
			runOnlyForDeploymentPostprocessing = 0;
		};
		A318B26C233214BA00159A49 /* Sources */ = {
			isa = PBXSourcesBuildPhase;
			buildActionMask = 2147483647;
			files = (
				A318B275233214BA00159A49 /* CollectionViewTests.m in Sources */,
			);
			runOnlyForDeploymentPostprocessing = 0;
		};
		A318B277233214BA00159A49 /* Sources */ = {
			isa = PBXSourcesBuildPhase;
			buildActionMask = 2147483647;
			files = (
				A318B280233214BA00159A49 /* CollectionViewUITests.m in Sources */,
			);
			runOnlyForDeploymentPostprocessing = 0;
		};
/* End PBXSourcesBuildPhase section */

/* Begin PBXTargetDependency section */
		A318B272233214BA00159A49 /* PBXTargetDependency */ = {
			isa = PBXTargetDependency;
			target = A318B257233214B900159A49 /* CollectionView */;
			targetProxy = A318B271233214BA00159A49 /* PBXContainerItemProxy */;
		};
		A318B27D233214BA00159A49 /* PBXTargetDependency */ = {
			isa = PBXTargetDependency;
			target = A318B257233214B900159A49 /* CollectionView */;
			targetProxy = A318B27C233214BA00159A49 /* PBXContainerItemProxy */;
		};
/* End PBXTargetDependency section */

/* Begin PBXVariantGroup section */
		A318B261233214B900159A49 /* Main.storyboard */ = {
			isa = PBXVariantGroup;
			children = (
				A318B262233214B900159A49 /* Base */,
			);
			name = Main.storyboard;
			sourceTree = "<group>";
		};
		A318B266233214BA00159A49 /* LaunchScreen.storyboard */ = {
			isa = PBXVariantGroup;
			children = (
				A318B267233214BA00159A49 /* Base */,
			);
			name = LaunchScreen.storyboard;
			sourceTree = "<group>";
		};
/* End PBXVariantGroup section */

/* Begin XCBuildConfiguration section */
		A318B282233214BA00159A49 /* Debug */ = {
			isa = XCBuildConfiguration;
			buildSettings = {
				ALWAYS_SEARCH_USER_PATHS = NO;
				CLANG_ANALYZER_NONNULL = YES;
				CLANG_ANALYZER_NUMBER_OBJECT_CONVERSION = YES_AGGRESSIVE;
				CLANG_CXX_LANGUAGE_STANDARD = "gnu++14";
				CLANG_CXX_LIBRARY = "libc++";
				CLANG_ENABLE_MODULES = YES;
				CLANG_ENABLE_OBJC_ARC = YES;
				CLANG_ENABLE_OBJC_WEAK = YES;
				CLANG_WARN_BLOCK_CAPTURE_AUTORELEASING = YES;
				CLANG_WARN_BOOL_CONVERSION = YES;
				CLANG_WARN_COMMA = YES;
				CLANG_WARN_CONSTANT_CONVERSION = YES;
				CLANG_WARN_DEPRECATED_OBJC_IMPLEMENTATIONS = YES;
				CLANG_WARN_DIRECT_OBJC_ISA_USAGE = YES_ERROR;
				CLANG_WARN_DOCUMENTATION_COMMENTS = YES;
				CLANG_WARN_EMPTY_BODY = YES;
				CLANG_WARN_ENUM_CONVERSION = YES;
				CLANG_WARN_INFINITE_RECURSION = YES;
				CLANG_WARN_INT_CONVERSION = YES;
				CLANG_WARN_NON_LITERAL_NULL_CONVERSION = YES;
				CLANG_WARN_OBJC_IMPLICIT_RETAIN_SELF = YES;
				CLANG_WARN_OBJC_LITERAL_CONVERSION = YES;
				CLANG_WARN_OBJC_ROOT_CLASS = YES_ERROR;
				CLANG_WARN_RANGE_LOOP_ANALYSIS = YES;
				CLANG_WARN_STRICT_PROTOTYPES = YES;
				CLANG_WARN_SUSPICIOUS_MOVE = YES;
				CLANG_WARN_UNGUARDED_AVAILABILITY = YES_AGGRESSIVE;
				CLANG_WARN_UNREACHABLE_CODE = YES;
				CLANG_WARN__DUPLICATE_METHOD_MATCH = YES;
				CODE_SIGN_IDENTITY = "iPhone Developer";
				COPY_PHASE_STRIP = NO;
				DEBUG_INFORMATION_FORMAT = dwarf;
				ENABLE_STRICT_OBJC_MSGSEND = YES;
				ENABLE_TESTABILITY = YES;
				GCC_C_LANGUAGE_STANDARD = gnu11;
				GCC_DYNAMIC_NO_PIC = NO;
				GCC_NO_COMMON_BLOCKS = YES;
				GCC_OPTIMIZATION_LEVEL = 0;
				GCC_PREPROCESSOR_DEFINITIONS = (
					"DEBUG=1",
					"$(inherited)",
				);
				GCC_WARN_64_TO_32_BIT_CONVERSION = YES;
				GCC_WARN_ABOUT_RETURN_TYPE = YES_ERROR;
				GCC_WARN_UNDECLARED_SELECTOR = YES;
				GCC_WARN_UNINITIALIZED_AUTOS = YES_AGGRESSIVE;
				GCC_WARN_UNUSED_FUNCTION = YES;
				GCC_WARN_UNUSED_VARIABLE = YES;
				IPHONEOS_DEPLOYMENT_TARGET = 12.4;
				MTL_ENABLE_DEBUG_INFO = INCLUDE_SOURCE;
				MTL_FAST_MATH = YES;
				ONLY_ACTIVE_ARCH = YES;
				SDKROOT = iphoneos;
			};
			name = Debug;
		};
		A318B283233214BA00159A49 /* Release */ = {
			isa = XCBuildConfiguration;
			buildSettings = {
				ALWAYS_SEARCH_USER_PATHS = NO;
				CLANG_ANALYZER_NONNULL = YES;
				CLANG_ANALYZER_NUMBER_OBJECT_CONVERSION = YES_AGGRESSIVE;
				CLANG_CXX_LANGUAGE_STANDARD = "gnu++14";
				CLANG_CXX_LIBRARY = "libc++";
				CLANG_ENABLE_MODULES = YES;
				CLANG_ENABLE_OBJC_ARC = YES;
				CLANG_ENABLE_OBJC_WEAK = YES;
				CLANG_WARN_BLOCK_CAPTURE_AUTORELEASING = YES;
				CLANG_WARN_BOOL_CONVERSION = YES;
				CLANG_WARN_COMMA = YES;
				CLANG_WARN_CONSTANT_CONVERSION = YES;
				CLANG_WARN_DEPRECATED_OBJC_IMPLEMENTATIONS = YES;
				CLANG_WARN_DIRECT_OBJC_ISA_USAGE = YES_ERROR;
				CLANG_WARN_DOCUMENTATION_COMMENTS = YES;
				CLANG_WARN_EMPTY_BODY = YES;
				CLANG_WARN_ENUM_CONVERSION = YES;
				CLANG_WARN_INFINITE_RECURSION = YES;
				CLANG_WARN_INT_CONVERSION = YES;
				CLANG_WARN_NON_LITERAL_NULL_CONVERSION = YES;
				CLANG_WARN_OBJC_IMPLICIT_RETAIN_SELF = YES;
				CLANG_WARN_OBJC_LITERAL_CONVERSION = YES;
				CLANG_WARN_OBJC_ROOT_CLASS = YES_ERROR;
				CLANG_WARN_RANGE_LOOP_ANALYSIS = YES;
				CLANG_WARN_STRICT_PROTOTYPES = YES;
				CLANG_WARN_SUSPICIOUS_MOVE = YES;
				CLANG_WARN_UNGUARDED_AVAILABILITY = YES_AGGRESSIVE;
				CLANG_WARN_UNREACHABLE_CODE = YES;
				CLANG_WARN__DUPLICATE_METHOD_MATCH = YES;
				CODE_SIGN_IDENTITY = "iPhone Developer";
				COPY_PHASE_STRIP = NO;
				DEBUG_INFORMATION_FORMAT = "dwarf-with-dsym";
				ENABLE_NS_ASSERTIONS = NO;
				ENABLE_STRICT_OBJC_MSGSEND = YES;
				GCC_C_LANGUAGE_STANDARD = gnu11;
				GCC_NO_COMMON_BLOCKS = YES;
				GCC_WARN_64_TO_32_BIT_CONVERSION = YES;
				GCC_WARN_ABOUT_RETURN_TYPE = YES_ERROR;
				GCC_WARN_UNDECLARED_SELECTOR = YES;
				GCC_WARN_UNINITIALIZED_AUTOS = YES_AGGRESSIVE;
				GCC_WARN_UNUSED_FUNCTION = YES;
				GCC_WARN_UNUSED_VARIABLE = YES;
				IPHONEOS_DEPLOYMENT_TARGET = 12.4;
				MTL_ENABLE_DEBUG_INFO = NO;
				MTL_FAST_MATH = YES;
				SDKROOT = iphoneos;
				VALIDATE_PRODUCT = YES;
			};
			name = Release;
		};
		A318B285233214BA00159A49 /* Debug */ = {
			isa = XCBuildConfiguration;
			buildSettings = {
				ASSETCATALOG_COMPILER_APPICON_NAME = AppIcon;
				CODE_SIGN_STYLE = Automatic;
				INFOPLIST_FILE = CollectionView/Info.plist;
				LD_RUNPATH_SEARCH_PATHS = (
					"$(inherited)",
					"@executable_path/Frameworks",
				);
				PRODUCT_BUNDLE_IDENTIFIER = demo.CollectionView;
				PRODUCT_NAME = "$(TARGET_NAME)";
				TARGETED_DEVICE_FAMILY = "1,2";
			};
			name = Debug;
		};
		A318B286233214BA00159A49 /* Release */ = {
			isa = XCBuildConfiguration;
			buildSettings = {
				ASSETCATALOG_COMPILER_APPICON_NAME = AppIcon;
				CODE_SIGN_STYLE = Automatic;
				INFOPLIST_FILE = CollectionView/Info.plist;
				LD_RUNPATH_SEARCH_PATHS = (
					"$(inherited)",
					"@executable_path/Frameworks",
				);
				PRODUCT_BUNDLE_IDENTIFIER = demo.CollectionView;
				PRODUCT_NAME = "$(TARGET_NAME)";
				TARGETED_DEVICE_FAMILY = "1,2";
			};
			name = Release;
		};
		A318B288233214BA00159A49 /* Debug */ = {
			isa = XCBuildConfiguration;
			buildSettings = {
				BUNDLE_LOADER = "$(TEST_HOST)";
				CODE_SIGN_STYLE = Automatic;
				INFOPLIST_FILE = CollectionViewTests/Info.plist;
				LD_RUNPATH_SEARCH_PATHS = (
					"$(inherited)",
					"@executable_path/Frameworks",
					"@loader_path/Frameworks",
				);
				PRODUCT_BUNDLE_IDENTIFIER = demo.CollectionViewTests;
				PRODUCT_NAME = "$(TARGET_NAME)";
				TARGETED_DEVICE_FAMILY = "1,2";
				TEST_HOST = "$(BUILT_PRODUCTS_DIR)/CollectionView.app/CollectionView";
			};
			name = Debug;
		};
		A318B289233214BA00159A49 /* Release */ = {
			isa = XCBuildConfiguration;
			buildSettings = {
				BUNDLE_LOADER = "$(TEST_HOST)";
				CODE_SIGN_STYLE = Automatic;
				INFOPLIST_FILE = CollectionViewTests/Info.plist;
				LD_RUNPATH_SEARCH_PATHS = (
					"$(inherited)",
					"@executable_path/Frameworks",
					"@loader_path/Frameworks",
				);
				PRODUCT_BUNDLE_IDENTIFIER = demo.CollectionViewTests;
				PRODUCT_NAME = "$(TARGET_NAME)";
				TARGETED_DEVICE_FAMILY = "1,2";
				TEST_HOST = "$(BUILT_PRODUCTS_DIR)/CollectionView.app/CollectionView";
			};
			name = Release;
		};
		A318B28B233214BA00159A49 /* Debug */ = {
			isa = XCBuildConfiguration;
			buildSettings = {
				CODE_SIGN_STYLE = Automatic;
				INFOPLIST_FILE = CollectionViewUITests/Info.plist;
				LD_RUNPATH_SEARCH_PATHS = (
					"$(inherited)",
					"@executable_path/Frameworks",
					"@loader_path/Frameworks",
				);
				PRODUCT_BUNDLE_IDENTIFIER = demo.CollectionViewUITests;
				PRODUCT_NAME = "$(TARGET_NAME)";
				TARGETED_DEVICE_FAMILY = "1,2";
				TEST_TARGET_NAME = CollectionView;
			};
			name = Debug;
		};
		A318B28C233214BA00159A49 /* Release */ = {
			isa = XCBuildConfiguration;
			buildSettings = {
				CODE_SIGN_STYLE = Automatic;
				INFOPLIST_FILE = CollectionViewUITests/Info.plist;
				LD_RUNPATH_SEARCH_PATHS = (
					"$(inherited)",
					"@executable_path/Frameworks",
					"@loader_path/Frameworks",
				);
				PRODUCT_BUNDLE_IDENTIFIER = demo.CollectionViewUITests;
				PRODUCT_NAME = "$(TARGET_NAME)";
				TARGETED_DEVICE_FAMILY = "1,2";
				TEST_TARGET_NAME = CollectionView;
			};
			name = Release;
		};
/* End XCBuildConfiguration section */

/* Begin XCConfigurationList section */
		A318B253233214B900159A49 /* Build configuration list for PBXProject "CollectionView" */ = {
			isa = XCConfigurationList;
			buildConfigurations = (
				A318B282233214BA00159A49 /* Debug */,
				A318B283233214BA00159A49 /* Release */,
			);
			defaultConfigurationIsVisible = 0;
			defaultConfigurationName = Release;
		};
		A318B284233214BA00159A49 /* Build configuration list for PBXNativeTarget "CollectionView" */ = {
			isa = XCConfigurationList;
			buildConfigurations = (
				A318B285233214BA00159A49 /* Debug */,
				A318B286233214BA00159A49 /* Release */,
			);
			defaultConfigurationIsVisible = 0;
			defaultConfigurationName = Release;
		};
		A318B287233214BA00159A49 /* Build configuration list for PBXNativeTarget "CollectionViewTests" */ = {
			isa = XCConfigurationList;
			buildConfigurations = (
				A318B288233214BA00159A49 /* Debug */,
				A318B289233214BA00159A49 /* Release */,
			);
			defaultConfigurationIsVisible = 0;
			defaultConfigurationName = Release;
		};
		A318B28A233214BA00159A49 /* Build configuration list for PBXNativeTarget "CollectionViewUITests" */ = {
			isa = XCConfigurationList;
			buildConfigurations = (
				A318B28B233214BA00159A49 /* Debug */,
				A318B28C233214BA00159A49 /* Release */,
			);
			defaultConfigurationIsVisible = 0;
			defaultConfigurationName = Release;
		};
/* End XCConfigurationList section */
	};
	rootObject = A318B250233214B900159A49 /* Project object */;
}
